
Microsoft Visual Studio Solution File, Format Version 12.00
# Visual Studio Version 17
VisualStudioVersion = 17.7.34221.43
MinimumVisualStudioVersion = 10.0.40219.1
Project("{8BC9CEB8-8B4A-11D0-8D11-00A0C91BC942}") = "FEM_numerical", "FEM_numerical\FEM_numerical.vcxproj", "{1BF082DA-0089-4F57-B2A2-954937DDBCFB}"
EndProject
Global
	GlobalSection(SolutionConfigurationPlatforms) = preSolution
		Debug|x64 = Debug|x64
		Debug|x86 = Debug|x86
		Release|x64 = Release|x64
		Release|x86 = Release|x86
	EndGlobalSection
	GlobalSection(ProjectConfigurationPlatforms) = postSolution
		{1BF082DA-0089-4F57-B2A2-954937DDBCFB}.Debug|x64.ActiveCfg = Debug|x64
		{1BF082DA-0089-4F57-B2A2-954937DDBCFB}.Debug|x64.Build.0 = Debug|x64
		{1BF082DA-0089-4F57-B2A2-954937DDBCFB}.Debug|x86.ActiveCfg = Debug|Win32
		{1BF082DA-0089-4F57-B2A2-954937DDBCFB}.Debug|x86.Build.0 = Debug|Win32
		{1BF082DA-0089-4F57-B2A2-954937DDBCFB}.Release|x64.ActiveCfg = Release|x64
		{1BF082DA-0089-4F57-B2A2-954937DDBCFB}.Release|x64.Build.0 = Release|x64
		{1BF082DA-0089-4F57-B2A2-954937DDBCFB}.Release|x86.ActiveCfg = Release|Win32
		{1BF082DA-0089-4F57-B2A2-954937DDBCFB}.Release|x86.Build.0 = Release|Win32
	EndGlobalSection
	GlobalSection(SolutionProperties) = preSolution
		HideSolutionNode = FALSE
	EndGlobalSection
	GlobalSection(ExtensibilityGlobals) = postSolution
		SolutionGuid = {E8BCA8AA-9592-4BC4-A10F-8A92C11C34BA}
	EndGlobalSection
EndGlobal
